
Microsoft Visual Studio Solution File, Format Version 12.00
Project("{FAE04EC0-301F-11D3-BF4B-00C04F79EFBC}") = "Factory.App", "Factory.App\Factory.App.csproj", "{82DA9609-ED16-4860-A24A-3B813203098D}"
EndProject
Project("{FAE04EC0-301F-11D3-BF4B-00C04F79EFBC}") = "Factory.Lib", "Factory.Lib\Factory.Lib.csproj", "{B518FD13-E17C-468A-966F-5F4B4C759CAB}"
EndProject
Global
	GlobalSection(SolutionConfigurationPlatforms) = preSolution
		Debug|Any CPU = Debug|Any CPU
		Release|Any CPU = Release|Any CPU
	EndGlobalSection
	GlobalSection(ProjectConfigurationPlatforms) = postSolution
		{82DA9609-ED16-4860-A24A-3B813203098D}.Debug|Any CPU.ActiveCfg = Debug|Any CPU
		{82DA9609-ED16-4860-A24A-3B813203098D}.Debug|Any CPU.Build.0 = Debug|Any CPU
		{82DA9609-ED16-4860-A24A-3B813203098D}.Release|Any CPU.ActiveCfg = Release|Any CPU
		{82DA9609-ED16-4860-A24A-3B813203098D}.Release|Any CPU.Build.0 = Release|Any CPU
		{B518FD13-E17C-468A-966F-5F4B4C759CAB}.Debug|Any CPU.ActiveCfg = Debug|Any CPU
		{B518FD13-E17C-468A-966F-5F4B4C759CAB}.Debug|Any CPU.Build.0 = Debug|Any CPU
		{B518FD13-E17C-468A-966F-5F4B4C759CAB}.Release|Any CPU.ActiveCfg = Release|Any CPU
		{B518FD13-E17C-468A-966F-5F4B4C759CAB}.Release|Any CPU.Build.0 = Release|Any CPU
	EndGlobalSection
EndGlobal
